dependencies:
- name: common
  repository: https://charts.bitnami.com/bitnami
  version: 1.17.1
- name: postgresql
  repository: https://charts.bitnami.com/bitnami
  version: 12.1.13
digest: sha256:07d7c4d174c6995fefd49b219995be41ea1a7bcaeb6861682065f1cf6b0de42e
generated: "2023-08-23T16:54:18.489586102-07:00"
